// !$*UTF8*$!
{
	archiveVersion = 1;
	classes = {
	};
	objectVersion = 46;
	objects = {

/* Begin PBXBuildFile section */
		539329991E32CBB4006F71FA /* AppDelegate.swift in Sources */ = {isa = PBXBuildFile; fileRef = 539329981E32CBB4006F71FA /* AppDelegate.swift */; };
		5393299B1E32CBB5006F71FA /* ViewController.swift in Sources */ = {isa = PBXBuildFile; fileRef = 5393299A1E32CBB5006F71FA /* ViewController.swift */; };
		5393299E1E32CBB5006F71FA /* Main.storyboard in Resources */ = {isa = PBXBuildFile; fileRef = 5393299C1E32CBB5006F71FA /* Main.storyboard */; };
		539329A01E32CBB5006F71FA /* Assets.xcassets in Resources */ = {isa = PBXBuildFile; fileRef = 5393299F1E32CBB5006F71FA /* Assets.xcassets */; };
		539329A31E32CBB5006F71FA /* LaunchScreen.storyboard in Resources */ = {isa = PBXBuildFile; fileRef = 539329A11E32CBB5006F71FA /* LaunchScreen.storyboard */; };
		539329AE1E32CBB5006F71FA /* QuizTests.swift in Sources */ = {isa = PBXBuildFile; fileRef = 539329AD1E32CBB5006F71FA /* QuizTests.swift */; };
		539329B91E32CBB5006F71FA /* QuizUITests.swift in Sources */ = {isa = PBXBuildFile; fileRef = 539329B81E32CBB5006F71FA /* QuizUITests.swift */; };
/* End PBXBuildFile section */

/* Begin PBXContainerItemProxy section */
		539329AA1E32CBB5006F71FA /* PBXContainerItemProxy */ = {
			isa = PBXContainerItemProxy;
			containerPortal = 5393298D1E32CBB4006F71FA /* Project object */;
			proxyType = 1;
			remoteGlobalIDString = 539329941E32CBB4006F71FA;
			remoteInfo = Quiz;
		};
		539329B51E32CBB5006F71FA /* PBXContainerItemProxy */ = {
			isa = PBXContainerItemProxy;
			containerPortal = 5393298D1E32CBB4006F71FA /* Project object */;
			proxyType = 1;
			remoteGlobalIDString = 539329941E32CBB4006F71FA;
			remoteInfo = Quiz;
		};
/* End PBXContainerItemProxy section */

/* Begin PBXFileReference section */
		539329951E32CBB4006F71FA /* Quiz.app */ = {isa = PBXFileReference; explicitFileType = wrapper.application; includeInIndex = 0; path = Quiz.app; sourceTree = BUILT_PRODUCTS_DIR; };
		539329981E32CBB4006F71FA /* AppDelegate.swift */ = {isa = PBXFileReference; lastKnownFileType = sourcecode.swift; path = AppDelegate.swift; sourceTree = "<group>"; };
		5393299A1E32CBB5006F71FA /* ViewController.swift */ = {isa = PBXFileReference; lastKnownFileType = sourcecode.swift; path = ViewController.swift; sourceTree = "<group>"; };
		5393299D1E32CBB5006F71FA /* Base */ = {isa = PBXFileReference; lastKnownFileType = file.storyboard; name = Base; path = Base.lproj/Main.storyboard; sourceTree = "<group>"; };
		5393299F1E32CBB5006F71FA /* Assets.xcassets */ = {isa = PBXFileReference; lastKnownFileType = folder.assetcatalog; path = Assets.xcassets; sourceTree = "<group>"; };
		539329A21E32CBB5006F71FA /* Base */ = {isa = PBXFileReference; lastKnownFileType = file.storyboard; name = Base; path = Base.lproj/LaunchScreen.storyboard; sourceTree = "<group>"; };
		539329A41E32CBB5006F71FA /* Info.plist */ = {isa = PBXFileReference; lastKnownFileType = text.plist.xml; path = Info.plist; sourceTree = "<group>"; };
		539329A91E32CBB5006F71FA /* QuizTests.xctest */ = {isa = PBXFileReference; explicitFileType = wrapper.cfbundle; includeInIndex = 0; path = QuizTests.xctest; sourceTree = BUILT_PRODUCTS_DIR; };
		539329AD1E32CBB5006F71FA /* QuizTests.swift */ = {isa = PBXFileReference; lastKnownFileType = sourcecode.swift; path = QuizTests.swift; sourceTree = "<group>"; };
		539329AF1E32CBB5006F71FA /* Info.plist */ = {isa = PBXFileReference; lastKnownFileType = text.plist.xml; path = Info.plist; sourceTree = "<group>"; };
		539329B41E32CBB5006F71FA /* QuizUITests.xctest */ = {isa = PBXFileReference; explicitFileType = wrapper.cfbundle; includeInIndex = 0; path = QuizUITests.xctest; sourceTree = BUILT_PRODUCTS_DIR; };
		539329B81E32CBB5006F71FA /* QuizUITests.swift */ = {isa = PBXFileReference; lastKnownFileType = sourcecode.swift; path = QuizUITests.swift; sourceTree = "<group>"; };
		539329BA1E32CBB5006F71FA /* Info.plist */ = {isa = PBXFileReference; lastKnownFileType = text.plist.xml; path = Info.plist; sourceTree = "<group>"; };
/* End PBXFileReference section */

/* Begin PBXFrameworksBuildPhase section */
		539329921E32CBB4006F71FA /* Frameworks */ = {
			isa = PBXFrameworksBuildPhase;
			buildActionMask = 2147483647;
			files = (
			);
			runOnlyForDeploymentPostprocessing = 0;
		};
		539329A61E32CBB5006F71FA /* Frameworks */ = {
			isa = PBXFrameworksBuildPhase;
			buildActionMask = 2147483647;
			files = (
			);
			runOnlyForDeploymentPostprocessing = 0;
		};
		539329B11E32CBB5006F71FA /* Frameworks */ = {
			isa = PBXFrameworksBuildPhase;
			buildActionMask = 2147483647;
			files = (
			);
			runOnlyForDeploymentPostprocessing = 0;
		};
/* End PBXFrameworksBuildPhase section */

/* Begin PBXGroup section */
		5393298C1E32CBB4006F71FA = {
			isa = PBXGroup;
			children = (
				539329971E32CBB4006F71FA /* Quiz */,
				539329AC1E32CBB5006F71FA /* QuizTests */,
				539329B71E32CBB5006F71FA /* QuizUITests */,
				539329961E32CBB4006F71FA /* Products */,
			);
			sourceTree = "<group>";
		};
		539329961E32CBB4006F71FA /* Products */ = {
			isa = PBXGroup;
			children = (
				539329951E32CBB4006F71FA /* Quiz.app */,
				539329A91E32CBB5006F71FA /* QuizTests.xctest */,
				539329B41E32CBB5006F71FA /* QuizUITests.xctest */,
			);
			name = Products;
			sourceTree = "<group>";
		};
		539329971E32CBB4006F71FA /* Quiz */ = {
			isa = PBXGroup;
			children = (
				539329981E32CBB4006F71FA /* AppDelegate.swift */,
				5393299A1E32CBB5006F71FA /* ViewController.swift */,
				5393299C1E32CBB5006F71FA /* Main.storyboard */,
				5393299F1E32CBB5006F71FA /* Assets.xcassets */,
				539329A11E32CBB5006F71FA /* LaunchScreen.storyboard */,
				539329A41E32CBB5006F71FA /* Info.plist */,
			);
			path = Quiz;
			sourceTree = "<group>";
		};
		539329AC1E32CBB5006F71FA /* QuizTests */ = {
			isa = PBXGroup;
			children = (
				539329AD1E32CBB5006F71FA /* QuizTests.swift */,
				539329AF1E32CBB5006F71FA /* Info.plist */,
			);
			path = QuizTests;
			sourceTree = "<group>";
		};
		539329B71E32CBB5006F71FA /* QuizUITests */ = {
			isa = PBXGroup;
			children = (
				539329B81E32CBB5006F71FA /* QuizUITests.swift */,
				539329BA1E32CBB5006F71FA /* Info.plist */,
			);
			path = QuizUITests;
			sourceTree = "<group>";
		};
/* End PBXGroup section */

/* Begin PBXNativeTarget section */
		539329941E32CBB4006F71FA /* Quiz */ = {
			isa = PBXNativeTarget;
			buildConfigurationList = 539329BD1E32CBB5006F71FA /* Build configuration list for PBXNativeTarget "Quiz" */;
			buildPhases = (
				539329911E32CBB4006F71FA /* Sources */,
				539329921E32CBB4006F71FA /* Frameworks */,
				539329931E32CBB4006F71FA /* Resources */,
			);
			buildRules = (
			);
			dependencies = (
			);
			name = Quiz;
			productName = Quiz;
			productReference = 539329951E32CBB4006F71FA /* Quiz.app */;
			productType = "com.apple.product-type.application";
		};
		539329A81E32CBB5006F71FA /* QuizTests */ = {
			isa = PBXNativeTarget;
			buildConfigurationList = 539329C01E32CBB5006F71FA /* Build configuration list for PBXNativeTarget "QuizTests" */;
			buildPhases = (
				539329A51E32CBB5006F71FA /* Sources */,
				539329A61E32CBB5006F71FA /* Frameworks */,
				539329A71E32CBB5006F71FA /* Resources */,
			);
			buildRules = (
			);
			dependencies = (
				539329AB1E32CBB5006F71FA /* PBXTargetDependency */,
			);
			name = QuizTests;
			productName = QuizTests;
			productReference = 539329A91E32CBB5006F71FA /* QuizTests.xctest */;
			productType = "com.apple.product-type.bundle.unit-test";
		};
		539329B31E32CBB5006F71FA /* QuizUITests */ = {
			isa = PBXNativeTarget;
			buildConfigurationList = 539329C31E32CBB5006F71FA /* Build configuration list for PBXNativeTarget "QuizUITests" */;
			buildPhases = (
				539329B01E32CBB5006F71FA /* Sources */,
				539329B11E32CBB5006F71FA /* Frameworks */,
				539329B21E32CBB5006F71FA /* Resources */,
			);
			buildRules = (
			);
			dependencies = (
				539329B61E32CBB5006F71FA /* PBXTargetDependency */,
			);
			name = QuizUITests;
			productName = QuizUITests;
			productReference = 539329B41E32CBB5006F71FA /* QuizUITests.xctest */;
			productType = "com.apple.product-type.bundle.ui-testing";
		};
/* End PBXNativeTarget section */

/* Begin PBXProject section */
		5393298D1E32CBB4006F71FA /* Project object */ = {
			isa = PBXProject;
			attributes = {
				LastSwiftUpdateCheck = 0820;
				LastUpgradeCheck = 0820;
				ORGANIZATIONNAME = "Yingqi Liu";
				TargetAttributes = {
					539329941E32CBB4006F71FA = {
						CreatedOnToolsVersion = 8.2.1;
						DevelopmentTeam = 3F86AS48NX;
						ProvisioningStyle = Automatic;
					};
					539329A81E32CBB5006F71FA = {
						CreatedOnToolsVersion = 8.2.1;
						ProvisioningStyle = Automatic;
						TestTargetID = 539329941E32CBB4006F71FA;
					};
					539329B31E32CBB5006F71FA = {
						CreatedOnToolsVersion = 8.2.1;
						ProvisioningStyle = Automatic;
						TestTargetID = 539329941E32CBB4006F71FA;
					};
				};
			};
			buildConfigurationList = 539329901E32CBB4006F71FA /* Build configuration list for PBXProject "Quiz" */;
			compatibilityVersion = "Xcode 3.2";
			developmentRegion = English;
			hasScannedForEncodings = 0;
			knownRegions = (
				en,
				Base,
			);
			mainGroup = 5393298C1E32CBB4006F71FA;
			productRefGroup = 539329961E32CBB4006F71FA /* Products */;
			projectDirPath = "";
			projectRoot = "";
			targets = (
				539329941E32CBB4006F71FA /* Quiz */,
				539329A81E32CBB5006F71FA /* QuizTests */,
				539329B31E32CBB5006F71FA /* QuizUITests */,
			);
		};
/* End PBXProject section */

/* Begin PBXResourcesBuildPhase section */
		539329931E32CBB4006F71FA /* Resources */ = {
			isa = PBXResourcesBuildPhase;
			buildActionMask = 2147483647;
			files = (
				539329A31E32CBB5006F71FA /* LaunchScreen.storyboard in Resources */,
				539329A01E32CBB5006F71FA /* Assets.xcassets in Resources */,
				5393299E1E32CBB5006F71FA /* Main.storyboard in Resources */,
			);
			runOnlyForDeploymentPostprocessing = 0;
		};
		539329A71E32CBB5006F71FA /* Resources */ = {
			isa = PBXResourcesBuildPhase;
			buildActionMask = 2147483647;
			files = (
			);
			runOnlyForDeploymentPostprocessing = 0;
		};
		539329B21E32CBB5006F71FA /* Resources */ = {
			isa = PBXResourcesBuildPhase;
			buildActionMask = 2147483647;
			files = (
			);
			runOnlyForDeploymentPostprocessing = 0;
		};
/* End PBXResourcesBuildPhase section */

/* Begin PBXSourcesBuildPhase section */
		539329911E32CBB4006F71FA /* Sources */ = {
			isa = PBXSourcesBuildPhase;
			buildActionMask = 2147483647;
			files = (
				5393299B1E32CBB5006F71FA /* ViewController.swift in Sources */,
				539329991E32CBB4006F71FA /* AppDelegate.swift in Sources */,
			);
			runOnlyForDeploymentPostprocessing = 0;
		};
		539329A51E32CBB5006F71FA /* Sources */ = {
			isa = PBXSourcesBuildPhase;
			buildActionMask = 2147483647;
			files = (
				539329AE1E32CBB5006F71FA /* QuizTests.swift in Sources */,
			);
			runOnlyForDeploymentPostprocessing = 0;
		};
		539329B01E32CBB5006F71FA /* Sources */ = {
			isa = PBXSourcesBuildPhase;
			buildActionMask = 2147483647;
			files = (
				539329B91E32CBB5006F71FA /* QuizUITests.swift in Sources */,
			);
			runOnlyForDeploymentPostprocessing = 0;
		};
/* End PBXSourcesBuildPhase section */

/* Begin PBXTargetDependency section */
		539329AB1E32CBB5006F71FA /* PBXTargetDependency */ = {
			isa = PBXTargetDependency;
			target = 539329941E32CBB4006F71FA /* Quiz */;
			targetProxy = 539329AA1E32CBB5006F71FA /* PBXContainerItemProxy */;
		};
		539329B61E32CBB5006F71FA /* PBXTargetDependency */ = {
			isa = PBXTargetDependency;
			target = 539329941E32CBB4006F71FA /* Quiz */;
			targetProxy = 539329B51E32CBB5006F71FA /* PBXContainerItemProxy */;
		};
/* End PBXTargetDependency section */

/* Begin PBXVariantGroup section */
		5393299C1E32CBB5006F71FA /* Main.storyboard */ = {
			isa = PBXVariantGroup;
			children = (
				5393299D1E32CBB5006F71FA /* Base */,
			);
			name = Main.storyboard;
			sourceTree = "<group>";
		};
		539329A11E32CBB5006F71FA /* LaunchScreen.storyboard */ = {
			isa = PBXVariantGroup;
			children = (
				539329A21E32CBB5006F71FA /* Base */,
			);
			name = LaunchScreen.storyboard;
			sourceTree = "<group>";
		};
/* End PBXVariantGroup section */

/* Begin XCBuildConfiguration section */
		539329BB1E32CBB5006F71FA /* Debug */ = {
			isa = XCBuildConfiguration;
			buildSettings = {
				ALWAYS_SEARCH_USER_PATHS = NO;
				CLANG_ANALYZER_NONNULL = YES;
				CLANG_CXX_LANGUAGE_STANDARD = "gnu++0x";
				CLANG_CXX_LIBRARY = "libc++";
				CLANG_ENABLE_MODULES = YES;
				CLANG_ENABLE_OBJC_ARC = YES;
				CLANG_WARN_BOOL_CONVERSION = YES;
				CLANG_WARN_CONSTANT_CONVERSION = YES;
				CLANG_WARN_DIRECT_OBJC_ISA_USAGE = YES_ERROR;
				CLANG_WARN_DOCUMENTATION_COMMENTS = YES;
				CLANG_WARN_EMPTY_BODY = YES;
				CLANG_WARN_ENUM_CONVERSION = YES;
				CLANG_WARN_INFINITE_RECURSION = YES;
				CLANG_WARN_INT_CONVERSION = YES;
				CLANG_WARN_OBJC_ROOT_CLASS = YES_ERROR;
				CLANG_WARN_SUSPICIOUS_MOVE = YES;
				CLANG_WARN_UNREACHABLE_CODE = YES;
				CLANG_WARN__DUPLICATE_METHOD_MATCH = YES;
				"CODE_SIGN_IDENTITY[sdk=iphoneos*]" = "iPhone Developer";
				COPY_PHASE_STRIP = NO;
				DEBUG_INFORMATION_FORMAT = dwarf;
				ENABLE_STRICT_OBJC_MSGSEND = YES;
				ENABLE_TESTABILITY = YES;
				GCC_C_LANGUAGE_STANDARD = gnu99;
				GCC_DYNAMIC_NO_PIC = NO;
				GCC_NO_COMMON_BLOCKS = YES;
				GCC_OPTIMIZATION_LEVEL = 0;
				GCC_PREPROCESSOR_DEFINITIONS = (
					"DEBUG=1",
					"$(inherited)",
				);
				GCC_WARN_64_TO_32_BIT_CONVERSION = YES;
				GCC_WARN_ABOUT_RETURN_TYPE = YES_ERROR;
				GCC_WARN_UNDECLARED_SELECTOR = YES;
				GCC_WARN_UNINITIALIZED_AUTOS = YES_AGGRESSIVE;
				GCC_WARN_UNUSED_FUNCTION = YES;
				GCC_WARN_UNUSED_VARIABLE = YES;
				IPHONEOS_DEPLOYMENT_TARGET = 10.2;
				MTL_ENABLE_DEBUG_INFO = YES;
				ONLY_ACTIVE_ARCH = YES;
				SDKROOT = iphoneos;
				SWIFT_ACTIVE_COMPILATION_CONDITIONS = DEBUG;
				SWIFT_OPTIMIZATION_LEVEL = "-Onone";
				TARGETED_DEVICE_FAMILY = "1,2";
			};
			name = Debug;
		};
		539329BC1E32CBB5006F71FA /* Release */ = {
			isa = XCBuildConfiguration;
			buildSettings = {
				ALWAYS_SEARCH_USER_PATHS = NO;
				CLANG_ANALYZER_NONNULL = YES;
				CLANG_CXX_LANGUAGE_STANDARD = "gnu++0x";
				CLANG_CXX_LIBRARY = "libc++";
				CLANG_ENABLE_MODULES = YES;
				CLANG_ENABLE_OBJC_ARC = YES;
				CLANG_WARN_BOOL_CONVERSION = YES;
				CLANG_WARN_CONSTANT_CONVERSION = YES;
				CLANG_WARN_DIRECT_OBJC_ISA_USAGE = YES_ERROR;
				CLANG_WARN_DOCUMENTATION_COMMENTS = YES;
				CLANG_WARN_EMPTY_BODY = YES;
				CLANG_WARN_ENUM_CONVERSION = YES;
				CLANG_WARN_INFINITE_RECURSION = YES;
				CLANG_WARN_INT_CONVERSION = YES;
				CLANG_WARN_OBJC_ROOT_CLASS = YES_ERROR;
				CLANG_WARN_SUSPICIOUS_MOVE = YES;
				CLANG_WARN_UNREACHABLE_CODE = YES;
				CLANG_WARN__DUPLICATE_METHOD_MATCH = YES;
				"CODE_SIGN_IDENTITY[sdk=iphoneos*]" = "iPhone Developer";
				COPY_PHASE_STRIP = NO;
				DEBUG_INFORMATION_FORMAT = "dwarf-with-dsym";
				ENABLE_NS_ASSERTIONS = NO;
				ENABLE_STRICT_OBJC_MSGSEND = YES;
				GCC_C_LANGUAGE_STANDARD = gnu99;
				GCC_NO_COMMON_BLOCKS = YES;
				GCC_WARN_64_TO_32_BIT_CONVERSION = YES;
				GCC_WARN_ABOUT_RETURN_TYPE = YES_ERROR;
				GCC_WARN_UNDECLARED_SELECTOR = YES;
				GCC_WARN_UNINITIALIZED_AUTOS = YES_AGGRESSIVE;
				GCC_WARN_UNUSED_FUNCTION = YES;
				GCC_WARN_UNUSED_VARIABLE = YES;
				IPHONEOS_DEPLOYMENT_TARGET = 10.2;
				MTL_ENABLE_DEBUG_INFO = NO;
				SDKROOT = iphoneos;
				SWIFT_OPTIMIZATION_LEVEL = "-Owholemodule";
				TARGETED_DEVICE_FAMILY = "1,2";
				VALIDATE_PRODUCT = YES;
			};
			name = Release;
		};
		539329BE1E32CBB5006F71FA /* Debug */ = {
			isa = XCBuildConfiguration;
			buildSettings = {
				ASSETCATALOG_COMPILER_APPICON_NAME = AppIcon;
				DEVELOPMENT_TEAM = 3F86AS48NX;
				INFOPLIST_FILE = Quiz/Info.plist;
				LD_RUNPATH_SEARCH_PATHS = "$(inherited) @executable_path/Frameworks";
				PRODUCT_BUNDLE_IDENTIFIER = yliu.Quiz;
				PRODUCT_NAME = "$(TARGET_NAME)";
				SWIFT_VERSION = 3.0;
			};
			name = Debug;
		};
		539329BF1E32CBB5006F71FA /* Release */ = {
			isa = XCBuildConfiguration;
			buildSettings = {
				ASSETCATALOG_COMPILER_APPICON_NAME = AppIcon;
				DEVELOPMENT_TEAM = 3F86AS48NX;
				INFOPLIST_FILE = Quiz/Info.plist;
				LD_RUNPATH_SEARCH_PATHS = "$(inherited) @executable_path/Frameworks";
				PRODUCT_BUNDLE_IDENTIFIER = yliu.Quiz;
				PRODUCT_NAME = "$(TARGET_NAME)";
				SWIFT_VERSION = 3.0;
			};
			name = Release;
		};
		539329C11E32CBB5006F71FA /* Debug */ = {
			isa = XCBuildConfiguration;
			buildSettings = {
				ALWAYS_EMBED_SWIFT_STANDARD_LIBRARIES = YES;
				BUNDLE_LOADER = "$(TEST_HOST)";
				INFOPLIST_FILE = QuizTests/Info.plist;
				LD_RUNPATH_SEARCH_PATHS = "$(inherited) @executable_path/Frameworks @loader_path/Frameworks";
				PRODUCT_BUNDLE_IDENTIFIER = yliu.QuizTests;
				PRODUCT_NAME = "$(TARGET_NAME)";
				SWIFT_VERSION = 3.0;
				TEST_HOST = "$(BUILT_PRODUCTS_DIR)/Quiz.app/Quiz";
			};
			name = Debug;
		};
		539329C21E32CBB5006F71FA /* Release */ = {
			isa = XCBuildConfiguration;
			buildSettings = {
				ALWAYS_EMBED_SWIFT_STANDARD_LIBRARIES = YES;
				BUNDLE_LOADER = "$(TEST_HOST)";
				INFOPLIST_FILE = QuizTests/Info.plist;
				LD_RUNPATH_SEARCH_PATHS = "$(inherited) @executable_path/Frameworks @loader_path/Frameworks";
				PRODUCT_BUNDLE_IDENTIFIER = yliu.QuizTests;
				PRODUCT_NAME = "$(TARGET_NAME)";
				SWIFT_VERSION = 3.0;
				TEST_HOST = "$(BUILT_PRODUCTS_DIR)/Quiz.app/Quiz";
			};
			name = Release;
		};
		539329C41E32CBB5006F71FA /* Debug */ = {
			isa = XCBuildConfiguration;
			buildSettings = {
				ALWAYS_EMBED_SWIFT_STANDARD_LIBRARIES = YES;
				INFOPLIST_FILE = QuizUITests/Info.plist;
				LD_RUNPATH_SEARCH_PATHS = "$(inherited) @executable_path/Frameworks @loader_path/Frameworks";
				PRODUCT_BUNDLE_IDENTIFIER = yliu.QuizUITests;
				PRODUCT_NAME = "$(TARGET_NAME)";
				SWIFT_VERSION = 3.0;
				TEST_TARGET_NAME = Quiz;
			};
			name = Debug;
		};
		539329C51E32CBB5006F71FA /* Release */ = {
			isa = XCBuildConfiguration;
			buildSettings = {
				ALWAYS_EMBED_SWIFT_STANDARD_LIBRARIES = YES;
				INFOPLIST_FILE = QuizUITests/Info.plist;
				LD_RUNPATH_SEARCH_PATHS = "$(inherited) @executable_path/Frameworks @loader_path/Frameworks";
				PRODUCT_BUNDLE_IDENTIFIER = yliu.QuizUITests;
				PRODUCT_NAME = "$(TARGET_NAME)";
				SWIFT_VERSION = 3.0;
				TEST_TARGET_NAME = Quiz;
			};
			name = Release;
		};
/* End XCBuildConfiguration section */

/* Begin XCConfigurationList section */
		539329901E32CBB4006F71FA /* Build configuration list for PBXProject "Quiz" */ = {
			isa = XCConfigurationList;
			buildConfigurations = (
				539329BB1E32CBB5006F71FA /* Debug */,
				539329BC1E32CBB5006F71FA /* Release */,
			);
			defaultConfigurationIsVisible = 0;
			defaultConfigurationName = Release;
		};
		539329BD1E32CBB5006F71FA /* Build configuration list for PBXNativeTarget "Quiz" */ = {
			isa = XCConfigurationList;
			buildConfigurations = (
				539329BE1E32CBB5006F71FA /* Debug */,
				539329BF1E32CBB5006F71FA /* Release */,
			);
			defaultConfigurationIsVisible = 0;
		};
		539329C01E32CBB5006F71FA /* Build configuration list for PBXNativeTarget "QuizTests" */ = {
			isa = XCConfigurationList;
			buildConfigurations = (
				539329C11E32CBB5006F71FA /* Debug */,
				539329C21E32CBB5006F71FA /* Release */,
			);
			defaultConfigurationIsVisible = 0;
		};
		539329C31E32CBB5006F71FA /* Build configuration list for PBXNativeTarget "QuizUITests" */ = {
			isa = XCConfigurationList;
			buildConfigurations = (
				539329C41E32CBB5006F71FA /* Debug */,
				539329C51E32CBB5006F71FA /* Release */,
			);
			defaultConfigurationIsVisible = 0;
		};
/* End XCConfigurationList section */
	};
	rootObject = 5393298D1E32CBB4006F71FA /* Project object */;
}
